// !$*UTF8*$!
{
	archiveVersion = 1;
	classes = {
	};
	objectVersion = 56;
	objects = {

/* Begin PBXBuildFile section */
		406A5A5B298842D40034B789 /* AppDelegate.swift in Sources */ = {isa = PBXBuildFile; fileRef = 406A5A5A298842D40034B789 /* AppDelegate.swift */; };
		406A5A5D298842D40034B789 /* SceneDelegate.swift in Sources */ = {isa = PBXBuildFile; fileRef = 406A5A5C298842D40034B789 /* SceneDelegate.swift */; };
		406A5A5F298842D40034B789 /* DogViewController.swift in Sources */ = {isa = PBXBuildFile; fileRef = 406A5A5E298842D40034B789 /* DogViewController.swift */; };
		406A5A62298842D40034B789 /* Main.storyboard in Resources */ = {isa = PBXBuildFile; fileRef = 406A5A60298842D40034B789 /* Main.storyboard */; };
		406A5A64298842D60034B789 /* Assets.xcassets in Resources */ = {isa = PBXBuildFile; fileRef = 406A5A63298842D60034B789 /* Assets.xcassets */; };
		406A5A67298842D60034B789 /* LaunchScreen.storyboard in Resources */ = {isa = PBXBuildFile; fileRef = 406A5A65298842D60034B789 /* LaunchScreen.storyboard */; };
		406A5A71298844890034B789 /* DogCell.swift in Sources */ = {isa = PBXBuildFile; fileRef = 406A5A70298844890034B789 /* DogCell.swift */; };
		4099CF45298846CE001D4562 /* DogAPIClient.swift in Sources */ = {isa = PBXBuildFile; fileRef = 4099CF44298846CE001D4562 /* DogAPIClient.swift */; };
		4099CF4829884EDC001D4562 /* ImageKit in Frameworks */ = {isa = PBXBuildFile; productRef = 4099CF4729884EDC001D4562 /* ImageKit */; };
		4099CF4A2988502B001D4562 /* RandomDogInfo.swift in Sources */ = {isa = PBXBuildFile; fileRef = 4099CF492988502B001D4562 /* RandomDogInfo.swift */; };
/* End PBXBuildFile section */

/* Begin PBXFileReference section */
		406A5A57298842D40034B789 /* CollectionView-RandomDogs.app */ = {isa = PBXFileReference; explicitFileType = wrapper.application; includeInIndex = 0; path = "CollectionView-RandomDogs.app"; sourceTree = BUILT_PRODUCTS_DIR; };
		406A5A5A298842D40034B789 /* AppDelegate.swift */ = {isa = PBXFileReference; lastKnownFileType = sourcecode.swift; path = AppDelegate.swift; sourceTree = "<group>"; };
		406A5A5C298842D40034B789 /* SceneDelegate.swift */ = {isa = PBXFileReference; lastKnownFileType = sourcecode.swift; path = SceneDelegate.swift; sourceTree = "<group>"; };
		406A5A5E298842D40034B789 /* DogViewController.swift */ = {isa = PBXFileReference; lastKnownFileType = sourcecode.swift; path = DogViewController.swift; sourceTree = "<group>"; };
		406A5A61298842D40034B789 /* Base */ = {isa = PBXFileReference; lastKnownFileType = file.storyboard; name = Base; path = Base.lproj/Main.storyboard; sourceTree = "<group>"; };
		406A5A63298842D60034B789 /* Assets.xcassets */ = {isa = PBXFileReference; lastKnownFileType = folder.assetcatalog; path = Assets.xcassets; sourceTree = "<group>"; };
		406A5A66298842D60034B789 /* Base */ = {isa = PBXFileReference; lastKnownFileType = file.storyboard; name = Base; path = Base.lproj/LaunchScreen.storyboard; sourceTree = "<group>"; };
		406A5A68298842D60034B789 /* Info.plist */ = {isa = PBXFileReference; lastKnownFileType = text.plist.xml; path = Info.plist; sourceTree = "<group>"; };
		406A5A70298844890034B789 /* DogCell.swift */ = {isa = PBXFileReference; lastKnownFileType = sourcecode.swift; path = DogCell.swift; sourceTree = "<group>"; };
		4099CF44298846CE001D4562 /* DogAPIClient.swift */ = {isa = PBXFileReference; lastKnownFileType = sourcecode.swift; path = DogAPIClient.swift; sourceTree = "<group>"; };
		4099CF492988502B001D4562 /* RandomDogInfo.swift */ = {isa = PBXFileReference; lastKnownFileType = sourcecode.swift; path = RandomDogInfo.swift; sourceTree = "<group>"; };
/* End PBXFileReference section */

/* Begin PBXFrameworksBuildPhase section */
		406A5A54298842D40034B789 /* Frameworks */ = {
			isa = PBXFrameworksBuildPhase;
			buildActionMask = 2147483647;
			files = (
				4099CF4829884EDC001D4562 /* ImageKit in Frameworks */,
			);
			runOnlyForDeploymentPostprocessing = 0;
		};
/* End PBXFrameworksBuildPhase section */

/* Begin PBXGroup section */
		406A5A4E298842D40034B789 = {
			isa = PBXGroup;
			children = (
				406A5A59298842D40034B789 /* CollectionView-RandomDogs */,
				406A5A58298842D40034B789 /* Products */,
			);
			sourceTree = "<group>";
		};
		406A5A58298842D40034B789 /* Products */ = {
			isa = PBXGroup;
			children = (
				406A5A57298842D40034B789 /* CollectionView-RandomDogs.app */,
			);
			name = Products;
			sourceTree = "<group>";
		};
		406A5A59298842D40034B789 /* CollectionView-RandomDogs */ = {
			isa = PBXGroup;
			children = (
				406A5A5A298842D40034B789 /* AppDelegate.swift */,
				406A5A5C298842D40034B789 /* SceneDelegate.swift */,
				4099CF44298846CE001D4562 /* DogAPIClient.swift */,
				406A5A5E298842D40034B789 /* DogViewController.swift */,
				4099CF492988502B001D4562 /* RandomDogInfo.swift */,
				406A5A70298844890034B789 /* DogCell.swift */,
				406A5A60298842D40034B789 /* Main.storyboard */,
				406A5A63298842D60034B789 /* Assets.xcassets */,
				406A5A65298842D60034B789 /* LaunchScreen.storyboard */,
				406A5A68298842D60034B789 /* Info.plist */,
			);
			path = "CollectionView-RandomDogs";
			sourceTree = "<group>";
		};
/* End PBXGroup section */

/* Begin PBXNativeTarget section */
		406A5A56298842D40034B789 /* CollectionView-RandomDogs */ = {
			isa = PBXNativeTarget;
			buildConfigurationList = 406A5A6B298842D60034B789 /* Build configuration list for PBXNativeTarget "CollectionView-RandomDogs" */;
			buildPhases = (
				406A5A53298842D40034B789 /* Sources */,
				406A5A54298842D40034B789 /* Frameworks */,
				406A5A55298842D40034B789 /* Resources */,
			);
			buildRules = (
			);
			dependencies = (
			);
			name = "CollectionView-RandomDogs";
			packageProductDependencies = (
				4099CF4729884EDC001D4562 /* ImageKit */,
			);
			productName = "CollectionView-RandomDogs";
			productReference = 406A5A57298842D40034B789 /* CollectionView-RandomDogs.app */;
			productType = "com.apple.product-type.application";
		};
/* End PBXNativeTarget section */

/* Begin PBXProject section */
		406A5A4F298842D40034B789 /* Project object */ = {
			isa = PBXProject;
			attributes = {
				BuildIndependentTargetsInParallel = 1;
				LastSwiftUpdateCheck = 1420;
				LastUpgradeCheck = 1420;
				TargetAttributes = {
					406A5A56298842D40034B789 = {
						CreatedOnToolsVersion = 14.2;
					};
				};
			};
			buildConfigurationList = 406A5A52298842D40034B789 /* Build configuration list for PBXProject "CollectionView-RandomDogs" */;
			compatibilityVersion = "Xcode 14.0";
			developmentRegion = en;
			hasScannedForEncodings = 0;
			knownRegions = (
				en,
				Base,
			);
			mainGroup = 406A5A4E298842D40034B789;
			packageReferences = (
				4099CF4629884EDC001D4562 /* XCRemoteSwiftPackageReference "ImageKit" */,
			);
			productRefGroup = 406A5A58298842D40034B789 /* Products */;
			projectDirPath = "";
			projectRoot = "";
			targets = (
				406A5A56298842D40034B789 /* CollectionView-RandomDogs */,
			);
		};
/* End PBXProject section */

/* Begin PBXResourcesBuildPhase section */
		406A5A55298842D40034B789 /* Resources */ = {
			isa = PBXResourcesBuildPhase;
			buildActionMask = 2147483647;
			files = (
				406A5A67298842D60034B789 /* LaunchScreen.storyboard in Resources */,
				406A5A64298842D60034B789 /* Assets.xcassets in Resources */,
				406A5A62298842D40034B789 /* Main.storyboard in Resources */,
			);
			runOnlyForDeploymentPostprocessing = 0;
		};
/* End PBXResourcesBuildPhase section */

/* Begin PBXSourcesBuildPhase section */
		406A5A53298842D40034B789 /* Sources */ = {
			isa = PBXSourcesBuildPhase;
			buildActionMask = 2147483647;
			files = (
				4099CF45298846CE001D4562 /* DogAPIClient.swift in Sources */,
				406A5A5F298842D40034B789 /* DogViewController.swift in Sources */,
				406A5A5B298842D40034B789 /* AppDelegate.swift in Sources */,
				406A5A71298844890034B789 /* DogCell.swift in Sources */,
				406A5A5D298842D40034B789 /* SceneDelegate.swift in Sources */,
				4099CF4A2988502B001D4562 /* RandomDogInfo.swift in Sources */,
			);
			runOnlyForDeploymentPostprocessing = 0;
		};
/* End PBXSourcesBuildPhase section */

/* Begin PBXVariantGroup section */
		406A5A60298842D40034B789 /* Main.storyboard */ = {
			isa = PBXVariantGroup;
			children = (
				406A5A61298842D40034B789 /* Base */,
			);
			name = Main.storyboard;
			sourceTree = "<group>";
		};
		406A5A65298842D60034B789 /* LaunchScreen.storyboard */ = {
			isa = PBXVariantGroup;
			children = (
				406A5A66298842D60034B789 /* Base */,
			);
			name = LaunchScreen.storyboard;
			sourceTree = "<group>";
		};
/* End PBXVariantGroup section */

/* Begin XCBuildConfiguration section */
		406A5A69298842D60034B789 /* Debug */ = {
			isa = XCBuildConfiguration;
			buildSettings = {
				ALWAYS_SEARCH_USER_PATHS = NO;
				CLANG_ANALYZER_NONNULL = YES;
				CLANG_ANALYZER_NUMBER_OBJECT_CONVERSION = YES_AGGRESSIVE;
				CLANG_CXX_LANGUAGE_STANDARD = "gnu++20";
				CLANG_ENABLE_MODULES = YES;
				CLANG_ENABLE_OBJC_ARC = YES;
				CLANG_ENABLE_OBJC_WEAK = YES;
				CLANG_WARN_BLOCK_CAPTURE_AUTORELEASING = YES;
				CLANG_WARN_BOOL_CONVERSION = YES;
				CLANG_WARN_COMMA = YES;
				CLANG_WARN_CONSTANT_CONVERSION = YES;
				CLANG_WARN_DEPRECATED_OBJC_IMPLEMENTATIONS = YES;
				CLANG_WARN_DIRECT_OBJC_ISA_USAGE = YES_ERROR;
				CLANG_WARN_DOCUMENTATION_COMMENTS = YES;
				CLANG_WARN_EMPTY_BODY = YES;
				CLANG_WARN_ENUM_CONVERSION = YES;
				CLANG_WARN_INFINITE_RECURSION = YES;
				CLANG_WARN_INT_CONVERSION = YES;
				CLANG_WARN_NON_LITERAL_NULL_CONVERSION = YES;
				CLANG_WARN_OBJC_IMPLICIT_RETAIN_SELF = YES;
				CLANG_WARN_OBJC_LITERAL_CONVERSION = YES;
				CLANG_WARN_OBJC_ROOT_CLASS = YES_ERROR;
				CLANG_WARN_QUOTED_INCLUDE_IN_FRAMEWORK_HEADER = YES;
				CLANG_WARN_RANGE_LOOP_ANALYSIS = YES;
				CLANG_WARN_STRICT_PROTOTYPES = YES;
				CLANG_WARN_SUSPICIOUS_MOVE = YES;
				CLANG_WARN_UNGUARDED_AVAILABILITY = YES_AGGRESSIVE;
				CLANG_WARN_UNREACHABLE_CODE = YES;
				CLANG_WARN__DUPLICATE_METHOD_MATCH = YES;
				COPY_PHASE_STRIP = NO;
				DEBUG_INFORMATION_FORMAT = dwarf;
				ENABLE_STRICT_OBJC_MSGSEND = YES;
				ENABLE_TESTABILITY = YES;
				GCC_C_LANGUAGE_STANDARD = gnu11;
				GCC_DYNAMIC_NO_PIC = NO;
				GCC_NO_COMMON_BLOCKS = YES;
				GCC_OPTIMIZATION_LEVEL = 0;
				GCC_PREPROCESSOR_DEFINITIONS = (
					"DEBUG=1",
					"$(inherited)",
				);
				GCC_WARN_64_TO_32_BIT_CONVERSION = YES;
				GCC_WARN_ABOUT_RETURN_TYPE = YES_ERROR;
				GCC_WARN_UNDECLARED_SELECTOR = YES;
				GCC_WARN_UNINITIALIZED_AUTOS = YES_AGGRESSIVE;
				GCC_WARN_UNUSED_FUNCTION = YES;
				GCC_WARN_UNUSED_VARIABLE = YES;
				IPHONEOS_DEPLOYMENT_TARGET = 16.2;
				MTL_ENABLE_DEBUG_INFO = INCLUDE_SOURCE;
				MTL_FAST_MATH = YES;
				ONLY_ACTIVE_ARCH = YES;
				SDKROOT = iphoneos;
				SWIFT_ACTIVE_COMPILATION_CONDITIONS = DEBUG;
				SWIFT_OPTIMIZATION_LEVEL = "-Onone";
			};
			name = Debug;
		};
		406A5A6A298842D60034B789 /* Release */ = {
			isa = XCBuildConfiguration;
			buildSettings = {
				ALWAYS_SEARCH_USER_PATHS = NO;
				CLANG_ANALYZER_NONNULL = YES;
				CLANG_ANALYZER_NUMBER_OBJECT_CONVERSION = YES_AGGRESSIVE;
				CLANG_CXX_LANGUAGE_STANDARD = "gnu++20";
				CLANG_ENABLE_MODULES = YES;
				CLANG_ENABLE_OBJC_ARC = YES;
				CLANG_ENABLE_OBJC_WEAK = YES;
				CLANG_WARN_BLOCK_CAPTURE_AUTORELEASING = YES;
				CLANG_WARN_BOOL_CONVERSION = YES;
				CLANG_WARN_COMMA = YES;
				CLANG_WARN_CONSTANT_CONVERSION = YES;
				CLANG_WARN_DEPRECATED_OBJC_IMPLEMENTATIONS = YES;
				CLANG_WARN_DIRECT_OBJC_ISA_USAGE = YES_ERROR;
				CLANG_WARN_DOCUMENTATION_COMMENTS = YES;
				CLANG_WARN_EMPTY_BODY = YES;
				CLANG_WARN_ENUM_CONVERSION = YES;
				CLANG_WARN_INFINITE_RECURSION = YES;
				CLANG_WARN_INT_CONVERSION = YES;
				CLANG_WARN_NON_LITERAL_NULL_CONVERSION = YES;
				CLANG_WARN_OBJC_IMPLICIT_RETAIN_SELF = YES;
				CLANG_WARN_OBJC_LITERAL_CONVERSION = YES;
				CLANG_WARN_OBJC_ROOT_CLASS = YES_ERROR;
				CLANG_WARN_QUOTED_INCLUDE_IN_FRAMEWORK_HEADER = YES;
				CLANG_WARN_RANGE_LOOP_ANALYSIS = YES;
				CLANG_WARN_STRICT_PROTOTYPES = YES;
				CLANG_WARN_SUSPICIOUS_MOVE = YES;
				CLANG_WARN_UNGUARDED_AVAILABILITY = YES_AGGRESSIVE;
				CLANG_WARN_UNREACHABLE_CODE = YES;
				CLANG_WARN__DUPLICATE_METHOD_MATCH = YES;
				COPY_PHASE_STRIP = NO;
				DEBUG_INFORMATION_FORMAT = "dwarf-with-dsym";
				ENABLE_NS_ASSERTIONS = NO;
				ENABLE_STRICT_OBJC_MSGSEND = YES;
				GCC_C_LANGUAGE_STANDARD = gnu11;
				GCC_NO_COMMON_BLOCKS = YES;
				GCC_WARN_64_TO_32_BIT_CONVERSION = YES;
				GCC_WARN_ABOUT_RETURN_TYPE = YES_ERROR;
				GCC_WARN_UNDECLARED_SELECTOR = YES;
				GCC_WARN_UNINITIALIZED_AUTOS = YES_AGGRESSIVE;
				GCC_WARN_UNUSED_FUNCTION = YES;
				GCC_WARN_UNUSED_VARIABLE = YES;
				IPHONEOS_DEPLOYMENT_TARGET = 16.2;
				MTL_ENABLE_DEBUG_INFO = NO;
				MTL_FAST_MATH = YES;
				SDKROOT = iphoneos;
				SWIFT_COMPILATION_MODE = wholemodule;
				SWIFT_OPTIMIZATION_LEVEL = "-O";
				VALIDATE_PRODUCT = YES;
			};
			name = Release;
		};
		406A5A6C298842D60034B789 /* Debug */ = {
			isa = XCBuildConfiguration;
			buildSettings = {
				ASSETCATALOG_COMPILER_APPICON_NAME = AppIcon;
				ASSETCATALOG_COMPILER_GLOBAL_ACCENT_COLOR_NAME = AccentColor;
				CODE_SIGN_STYLE = Automatic;
				CURRENT_PROJECT_VERSION = 1;
				DEVELOPMENT_TEAM = V23Z3P8TP3;
				GENERATE_INFOPLIST_FILE = YES;
				INFOPLIST_FILE = "CollectionView-RandomDogs/Info.plist";
				INFOPLIST_KEY_UIApplicationSupportsIndirectInputEvents = YES;
				INFOPLIST_KEY_UILaunchStoryboardName = LaunchScreen;
				INFOPLIST_KEY_UIMainStoryboardFile = Main;
				INFOPLIST_KEY_UISupportedInterfaceOrientations_iPad = "UIInterfaceOrientationPortrait UIInterfaceOrientationPortraitUpsideDown UIInterfaceOrientationLandscapeLeft UIInterfaceOrientationLandscapeRight";
				INFOPLIST_KEY_UISupportedInterfaceOrientations_iPhone = "UIInterfaceOrientationPortrait UIInterfaceOrientationLandscapeLeft UIInterfaceOrientationLandscapeRight";
				LD_RUNPATH_SEARCH_PATHS = (
					"$(inherited)",
					"@executable_path/Frameworks",
				);
				MARKETING_VERSION = 1.0;
				PRODUCT_BUNDLE_IDENTIFIER = "com.CroweCoding.CollectionView-RandomDogs";
				PRODUCT_NAME = "$(TARGET_NAME)";
				SWIFT_EMIT_LOC_STRINGS = YES;
				SWIFT_VERSION = 5.0;
				TARGETED_DEVICE_FAMILY = "1,2";
			};
			name = Debug;
		};
		406A5A6D298842D60034B789 /* Release */ = {
			isa = XCBuildConfiguration;
			buildSettings = {
				ASSETCATALOG_COMPILER_APPICON_NAME = AppIcon;
				ASSETCATALOG_COMPILER_GLOBAL_ACCENT_COLOR_NAME = AccentColor;
				CODE_SIGN_STYLE = Automatic;
				CURRENT_PROJECT_VERSION = 1;
				DEVELOPMENT_TEAM = V23Z3P8TP3;
				GENERATE_INFOPLIST_FILE = YES;
				INFOPLIST_FILE = "CollectionView-RandomDogs/Info.plist";
				INFOPLIST_KEY_UIApplicationSupportsIndirectInputEvents = YES;
				INFOPLIST_KEY_UILaunchStoryboardName = LaunchScreen;
				INFOPLIST_KEY_UIMainStoryboardFile = Main;
				INFOPLIST_KEY_UISupportedInterfaceOrientations_iPad = "UIInterfaceOrientationPortrait UIInterfaceOrientationPortraitUpsideDown UIInterfaceOrientationLandscapeLeft UIInterfaceOrientationLandscapeRight";
				INFOPLIST_KEY_UISupportedInterfaceOrientations_iPhone = "UIInterfaceOrientationPortrait UIInterfaceOrientationLandscapeLeft UIInterfaceOrientationLandscapeRight";
				LD_RUNPATH_SEARCH_PATHS = (
					"$(inherited)",
					"@executable_path/Frameworks",
				);
				MARKETING_VERSION = 1.0;
				PRODUCT_BUNDLE_IDENTIFIER = "com.CroweCoding.CollectionView-RandomDogs";
				PRODUCT_NAME = "$(TARGET_NAME)";
				SWIFT_EMIT_LOC_STRINGS = YES;
				SWIFT_VERSION = 5.0;
				TARGETED_DEVICE_FAMILY = "1,2";
			};
			name = Release;
		};
/* End XCBuildConfiguration section */

/* Begin XCConfigurationList section */
		406A5A52298842D40034B789 /* Build configuration list for PBXProject "CollectionView-RandomDogs" */ = {
			isa = XCConfigurationList;
			buildConfigurations = (
				406A5A69298842D60034B789 /* Debug */,
				406A5A6A298842D60034B789 /* Release */,
			);
			defaultConfigurationIsVisible = 0;
			defaultConfigurationName = Release;
		};
		406A5A6B298842D60034B789 /* Build configuration list for PBXNativeTarget "CollectionView-RandomDogs" */ = {
			isa = XCConfigurationList;
			buildConfigurations = (
				406A5A6C298842D60034B789 /* Debug */,
				406A5A6D298842D60034B789 /* Release */,
			);
			defaultConfigurationIsVisible = 0;
			defaultConfigurationName = Release;
		};
/* End XCConfigurationList section */

/* Begin XCRemoteSwiftPackageReference section */
		4099CF4629884EDC001D4562 /* XCRemoteSwiftPackageReference "ImageKit" */ = {
			isa = XCRemoteSwiftPackageReference;
			repositoryURL = "https://github.com/alexpaul/ImageKit";
			requirement = {
				kind = exactVersion;
				version = 1.0.5;
			};
		};
/* End XCRemoteSwiftPackageReference section */

/* Begin XCSwiftPackageProductDependency section */
		4099CF4729884EDC001D4562 /* ImageKit */ = {
			isa = XCSwiftPackageProductDependency;
			package = 4099CF4629884EDC001D4562 /* XCRemoteSwiftPackageReference "ImageKit" */;
			productName = ImageKit;
		};
/* End XCSwiftPackageProductDependency section */
	};
	rootObject = 406A5A4F298842D40034B789 /* Project object */;
}
